
Microsoft Visual Studio Solution File, Format Version 12.00
# Visual Studio Version 16
VisualStudioVersion = 16.0.31424.327
MinimumVisualStudioVersion = 10.0.40219.1
Project("{9A19103F-16F7-4668-BE54-9A1E7A4F7556}") = "BiometricsProject", "BiometricsProject\BiometricsProject.csproj", "{108D4F8D-8A7B-470E-B881-9FE49B5799C6}"
EndProject
Global
	GlobalSection(SolutionConfigurationPlatforms) = preSolution
		Debug|Any CPU = Debug|Any CPU
		Release|Any CPU = Release|Any CPU
	EndGlobalSection
	GlobalSection(ProjectConfigurationPlatforms) = postSolution
		{108D4F8D-8A7B-470E-B881-9FE49B5799C6}.Debug|Any CPU.ActiveCfg = Debug|Any CPU
		{108D4F8D-8A7B-470E-B881-9FE49B5799C6}.Debug|Any CPU.Build.0 = Debug|Any CPU
		{108D4F8D-8A7B-470E-B881-9FE49B5799C6}.Release|Any CPU.ActiveCfg = Release|Any CPU
		{108D4F8D-8A7B-470E-B881-9FE49B5799C6}.Release|Any CPU.Build.0 = Release|Any CPU
	EndGlobalSection
	GlobalSection(SolutionProperties) = preSolution
		HideSolutionNode = FALSE
	EndGlobalSection
	GlobalSection(ExtensibilityGlobals) = postSolution
		SolutionGuid = {30380FB3-84CF-45A5-B8E4-B958C686C8A4}
	EndGlobalSection
EndGlobal
